
Microsoft Visual Studio Solution File, Format Version 12.00
# Visual Studio Version 17
VisualStudioVersion = 17.14.36121.58
MinimumVisualStudioVersion = 10.0.40219.1
Project("{8BC9CEB8-8B4A-11D0-8D11-00A0C91BC942}") = "LV1", "LV1\LV1.vcxproj", "{CE070B3E-EB6C-4FC8-BC36-4A7994C9B35F}"
EndProject
Project("{8BC9CEB8-8B4A-11D0-8D11-00A0C91BC942}") = "LV2", "LV2\LV2.vcxproj", "{04B41FBD-234A-4C2C-916C-958B5BA5D2E6}"
EndProject
Project("{8BC9CEB8-8B4A-11D0-8D11-00A0C91BC942}") = "LV3", "LV3\LV3.vcxproj", "{1AC15E81-B314-4EDA-8CC2-0970C7929351}"
EndProject
Project("{8BC9CEB8-8B4A-11D0-8D11-00A0C91BC942}") = "LV4", "LV4\LV4.vcxproj", "{3ABB6A2F-0953-4B75-8093-8B867A7F9FC0}"
EndProject
Global
	GlobalSection(SolutionConfigurationPlatforms) = preSolution
		Debug|x64 = Debug|x64
		Debug|x86 = Debug|x86
		Release|x64 = Release|x64
		Release|x86 = Release|x86
	EndGlobalSection
	GlobalSection(ProjectConfigurationPlatforms) = postSolution
		{CE070B3E-EB6C-4FC8-BC36-4A7994C9B35F}.Debug|x64.ActiveCfg = Debug|x64
		{CE070B3E-EB6C-4FC8-BC36-4A7994C9B35F}.Debug|x64.Build.0 = Debug|x64
		{CE070B3E-EB6C-4FC8-BC36-4A7994C9B35F}.Debug|x86.ActiveCfg = Debug|Win32
		{CE070B3E-EB6C-4FC8-BC36-4A7994C9B35F}.Debug|x86.Build.0 = Debug|Win32
		{CE070B3E-EB6C-4FC8-BC36-4A7994C9B35F}.Release|x64.ActiveCfg = Release|x64
		{CE070B3E-EB6C-4FC8-BC36-4A7994C9B35F}.Release|x64.Build.0 = Release|x64
		{CE070B3E-EB6C-4FC8-BC36-4A7994C9B35F}.Release|x86.ActiveCfg = Release|Win32
		{CE070B3E-EB6C-4FC8-BC36-4A7994C9B35F}.Release|x86.Build.0 = Release|Win32
		{04B41FBD-234A-4C2C-916C-958B5BA5D2E6}.Debug|x64.ActiveCfg = Debug|x64
		{04B41FBD-234A-4C2C-916C-958B5BA5D2E6}.Debug|x64.Build.0 = Debug|x64
		{04B41FBD-234A-4C2C-916C-958B5BA5D2E6}.Debug|x86.ActiveCfg = Debug|Win32
		{04B41FBD-234A-4C2C-916C-958B5BA5D2E6}.Debug|x86.Build.0 = Debug|Win32
		{04B41FBD-234A-4C2C-916C-958B5BA5D2E6}.Release|x64.ActiveCfg = Release|x64
		{04B41FBD-234A-4C2C-916C-958B5BA5D2E6}.Release|x64.Build.0 = Release|x64
		{04B41FBD-234A-4C2C-916C-958B5BA5D2E6}.Release|x86.ActiveCfg = Release|Win32
		{04B41FBD-234A-4C2C-916C-958B5BA5D2E6}.Release|x86.Build.0 = Release|Win32
		{1AC15E81-B314-4EDA-8CC2-0970C7929351}.Debug|x64.ActiveCfg = Debug|x64
		{1AC15E81-B314-4EDA-8CC2-0970C7929351}.Debug|x64.Build.0 = Debug|x64
		{1AC15E81-B314-4EDA-8CC2-0970C7929351}.Debug|x86.ActiveCfg = Debug|Win32
		{1AC15E81-B314-4EDA-8CC2-0970C7929351}.Debug|x86.Build.0 = Debug|Win32
		{1AC15E81-B314-4EDA-8CC2-0970C7929351}.Release|x64.ActiveCfg = Release|x64
		{1AC15E81-B314-4EDA-8CC2-0970C7929351}.Release|x64.Build.0 = Release|x64
		{1AC15E81-B314-4EDA-8CC2-0970C7929351}.Release|x86.ActiveCfg = Release|Win32
		{1AC15E81-B314-4EDA-8CC2-0970C7929351}.Release|x86.Build.0 = Release|Win32
		{3ABB6A2F-0953-4B75-8093-8B867A7F9FC0}.Debug|x64.ActiveCfg = Debug|x64
		{3ABB6A2F-0953-4B75-8093-8B867A7F9FC0}.Debug|x64.Build.0 = Debug|x64
		{3ABB6A2F-0953-4B75-8093-8B867A7F9FC0}.Debug|x86.ActiveCfg = Debug|Win32
		{3ABB6A2F-0953-4B75-8093-8B867A7F9FC0}.Debug|x86.Build.0 = Debug|Win32
		{3ABB6A2F-0953-4B75-8093-8B867A7F9FC0}.Release|x64.ActiveCfg = Release|x64
		{3ABB6A2F-0953-4B75-8093-8B867A7F9FC0}.Release|x64.Build.0 = Release|x64
		{3ABB6A2F-0953-4B75-8093-8B867A7F9FC0}.Release|x86.ActiveCfg = Release|Win32
		{3ABB6A2F-0953-4B75-8093-8B867A7F9FC0}.Release|x86.Build.0 = Release|Win32
	EndGlobalSection
	GlobalSection(SolutionProperties) = preSolution
		HideSolutionNode = FALSE
	EndGlobalSection
	GlobalSection(ExtensibilityGlobals) = postSolution
		SolutionGuid = {F128B0A6-B6B1-4426-937F-0D550407E979}
	EndGlobalSection
EndGlobal
